
Microsoft Visual Studio Solution File, Format Version 11.00
# Visual Studio 2010
Project("{8BC9CEB8-8B4A-11D0-8D11-00A0C91BC942}") = "isdebuggerpresent", "isdebuggerpresent\isdebuggerpresent.vcxproj", "{30BF615B-6AA4-435E-890E-7C61D1EB182C}"
EndProject
Global
	GlobalSection(SolutionConfigurationPlatforms) = preSolution
		Debug|Win32 = Debug|Win32
		Release|Win32 = Release|Win32
	EndGlobalSection
	GlobalSection(ProjectConfigurationPlatforms) = postSolution
		{30BF615B-6AA4-435E-890E-7C61D1EB182C}.Debug|Win32.ActiveCfg = Debug|Win32
		{30BF615B-6AA4-435E-890E-7C61D1EB182C}.Debug|Win32.Build.0 = Debug|Win32
		{30BF615B-6AA4-435E-890E-7C61D1EB182C}.Release|Win32.ActiveCfg = Release|Win32
		{30BF615B-6AA4-435E-890E-7C61D1EB182C}.Release|Win32.Build.0 = Release|Win32
	EndGlobalSection
	GlobalSection(SolutionProperties) = preSolution
		HideSolutionNode = FALSE
	EndGlobalSection
EndGlobal
